
Microsoft Visual Studio Solution File, Format Version 12.00
# Visual Studio Version 17
VisualStudioVersion = 17.10.35122.118
MinimumVisualStudioVersion = 10.0.40219.1
Project("{FAE04EC0-301F-11D3-BF4B-00C04F79EFBC}") = "Todo.Server", "Todo.Server\Todo.Server.csproj", "{77AD2723-D4CD-4675-82AB-9A94BAB1F936}"
EndProject
Project("{54A90642-561A-4BB1-A94E-469ADEE60C69}") = "todo.client", "todo.client\todo.client.esproj", "{A3728593-8EEE-4C88-BCA4-5F0B1C3CA515}"
EndProject
Global
	GlobalSection(SolutionConfigurationPlatforms) = preSolution
		Debug|Any CPU = Debug|Any CPU
		Release|Any CPU = Release|Any CPU
	EndGlobalSection
	GlobalSection(ProjectConfigurationPlatforms) = postSolution
		{77AD2723-D4CD-4675-82AB-9A94BAB1F936}.Debug|Any CPU.ActiveCfg = Debug|Any CPU
		{77AD2723-D4CD-4675-82AB-9A94BAB1F936}.Debug|Any CPU.Build.0 = Debug|Any CPU
		{77AD2723-D4CD-4675-82AB-9A94BAB1F936}.Release|Any CPU.ActiveCfg = Release|Any CPU
		{77AD2723-D4CD-4675-82AB-9A94BAB1F936}.Release|Any CPU.Build.0 = Release|Any CPU
		{A3728593-8EEE-4C88-BCA4-5F0B1C3CA515}.Debug|Any CPU.ActiveCfg = Debug|Any CPU
		{A3728593-8EEE-4C88-BCA4-5F0B1C3CA515}.Debug|Any CPU.Build.0 = Debug|Any CPU
		{A3728593-8EEE-4C88-BCA4-5F0B1C3CA515}.Debug|Any CPU.Deploy.0 = Debug|Any CPU
		{A3728593-8EEE-4C88-BCA4-5F0B1C3CA515}.Release|Any CPU.ActiveCfg = Release|Any CPU
		{A3728593-8EEE-4C88-BCA4-5F0B1C3CA515}.Release|Any CPU.Build.0 = Release|Any CPU
		{A3728593-8EEE-4C88-BCA4-5F0B1C3CA515}.Release|Any CPU.Deploy.0 = Release|Any CPU
	EndGlobalSection
	GlobalSection(SolutionProperties) = preSolution
		HideSolutionNode = FALSE
	EndGlobalSection
	GlobalSection(ExtensibilityGlobals) = postSolution
		SolutionGuid = {317D7111-C0EA-4E09-BED5-96EBDFB9BD9F}
	EndGlobalSection
EndGlobal
